// !$*UTF8*$!
{
	archiveVersion = 1;
	classes = {
	};
	objectVersion = 56;
	objects = {

/* Begin PBXBuildFile section */
		B210A4D02A4225DE00EFC271 /* MM3DM2App.swift in Sources */ = {isa = PBXBuildFile; fileRef = B210A4CF2A4225DE00EFC271 /* MM3DM2App.swift */; };
		B210A4D22A4225DE00EFC271 /* ContentView.swift in Sources */ = {isa = PBXBuildFile; fileRef = B210A4D12A4225DE00EFC271 /* ContentView.swift */; };
		B210A4D42A4225DF00EFC271 /* Assets.xcassets in Resources */ = {isa = PBXBuildFile; fileRef = B210A4D32A4225DF00EFC271 /* Assets.xcassets */; };
		B210A4D72A4225DF00EFC271 /* Preview Assets.xcassets in Resources */ = {isa = PBXBuildFile; fileRef = B210A4D62A4225DF00EFC271 /* Preview Assets.xcassets */; };
		B210A4DF2A42272500EFC271 /* MetalView.swift in Sources */ = {isa = PBXBuildFile; fileRef = B210A4DD2A42272400EFC271 /* MetalView.swift */; };
		B210A4E02A42272500EFC271 /* Options.swift in Sources */ = {isa = PBXBuildFile; fileRef = B210A4DE2A42272500EFC271 /* Options.swift */; };
		B210A4E72A42289B00EFC271 /* DebugLights.swift in Sources */ = {isa = PBXBuildFile; fileRef = B210A4E42A42289A00EFC271 /* DebugLights.swift */; };
		B210A4E82A42289B00EFC271 /* DebugLights.metal in Sources */ = {isa = PBXBuildFile; fileRef = B210A4E52A42289A00EFC271 /* DebugLights.metal */; };
		B210A4E92A42289B00EFC271 /* MathLibrary.swift in Sources */ = {isa = PBXBuildFile; fileRef = B210A4E62A42289A00EFC271 /* MathLibrary.swift */; };
		B210A4ED2A4228C700EFC271 /* Movement.swift in Sources */ = {isa = PBXBuildFile; fileRef = B210A4EB2A4228C700EFC271 /* Movement.swift */; };
		B210A4EE2A4228C700EFC271 /* inputController.swift in Sources */ = {isa = PBXBuildFile; fileRef = B210A4EC2A4228C700EFC271 /* inputController.swift */; };
		B210A4F52A422A1F00EFC271 /* GameController.swift in Sources */ = {isa = PBXBuildFile; fileRef = B210A4F12A422A1F00EFC271 /* GameController.swift */; };
		B210A4F62A422A1F00EFC271 /* GameScene.swift in Sources */ = {isa = PBXBuildFile; fileRef = B210A4F22A422A1F00EFC271 /* GameScene.swift */; };
		B210A4F72A422A1F00EFC271 /* Camera.swift in Sources */ = {isa = PBXBuildFile; fileRef = B210A4F32A422A1F00EFC271 /* Camera.swift */; };
		B210A4F82A422A1F00EFC271 /* SceneLighting.swift in Sources */ = {isa = PBXBuildFile; fileRef = B210A4F42A422A1F00EFC271 /* SceneLighting.swift */; };
/* End PBXBuildFile section */

/* Begin PBXFileReference section */
		B210A4CC2A4225DE00EFC271 /* MM3DM2.app */ = {isa = PBXFileReference; explicitFileType = wrapper.application; includeInIndex = 0; path = MM3DM2.app; sourceTree = BUILT_PRODUCTS_DIR; };
		B210A4CF2A4225DE00EFC271 /* MM3DM2App.swift */ = {isa = PBXFileReference; lastKnownFileType = sourcecode.swift; path = MM3DM2App.swift; sourceTree = "<group>"; };
		B210A4D12A4225DE00EFC271 /* ContentView.swift */ = {isa = PBXFileReference; lastKnownFileType = sourcecode.swift; path = ContentView.swift; sourceTree = "<group>"; };
		B210A4D32A4225DF00EFC271 /* Assets.xcassets */ = {isa = PBXFileReference; lastKnownFileType = folder.assetcatalog; path = Assets.xcassets; sourceTree = "<group>"; };
		B210A4D62A4225DF00EFC271 /* Preview Assets.xcassets */ = {isa = PBXFileReference; lastKnownFileType = folder.assetcatalog; path = "Preview Assets.xcassets"; sourceTree = "<group>"; };
		B210A4DD2A42272400EFC271 /* MetalView.swift */ = {isa = PBXFileReference; fileEncoding = 4; lastKnownFileType = sourcecode.swift; path = MetalView.swift; sourceTree = "<group>"; };
		B210A4DE2A42272500EFC271 /* Options.swift */ = {isa = PBXFileReference; fileEncoding = 4; lastKnownFileType = sourcecode.swift; path = Options.swift; sourceTree = "<group>"; };
		B210A4E42A42289A00EFC271 /* DebugLights.swift */ = {isa = PBXFileReference; fileEncoding = 4; lastKnownFileType = sourcecode.swift; path = DebugLights.swift; sourceTree = "<group>"; };
		B210A4E52A42289A00EFC271 /* DebugLights.metal */ = {isa = PBXFileReference; fileEncoding = 4; lastKnownFileType = sourcecode.metal; path = DebugLights.metal; sourceTree = "<group>"; };
		B210A4E62A42289A00EFC271 /* MathLibrary.swift */ = {isa = PBXFileReference; fileEncoding = 4; lastKnownFileType = sourcecode.swift; path = MathLibrary.swift; sourceTree = "<group>"; };
		B210A4EB2A4228C700EFC271 /* Movement.swift */ = {isa = PBXFileReference; fileEncoding = 4; lastKnownFileType = sourcecode.swift; path = Movement.swift; sourceTree = "<group>"; };
		B210A4EC2A4228C700EFC271 /* inputController.swift */ = {isa = PBXFileReference; fileEncoding = 4; lastKnownFileType = sourcecode.swift; path = inputController.swift; sourceTree = "<group>"; };
		B210A4F12A422A1F00EFC271 /* GameController.swift */ = {isa = PBXFileReference; fileEncoding = 4; lastKnownFileType = sourcecode.swift; path = GameController.swift; sourceTree = "<group>"; };
		B210A4F22A422A1F00EFC271 /* GameScene.swift */ = {isa = PBXFileReference; fileEncoding = 4; lastKnownFileType = sourcecode.swift; path = GameScene.swift; sourceTree = "<group>"; };
		B210A4F32A422A1F00EFC271 /* Camera.swift */ = {isa = PBXFileReference; fileEncoding = 4; lastKnownFileType = sourcecode.swift; path = Camera.swift; sourceTree = "<group>"; };
		B210A4F42A422A1F00EFC271 /* SceneLighting.swift */ = {isa = PBXFileReference; fileEncoding = 4; lastKnownFileType = sourcecode.swift; path = SceneLighting.swift; sourceTree = "<group>"; };
		B217BEFF2A43602F00CCF15F /* stdbool.h */ = {isa = PBXFileReference; lastKnownFileType = sourcecode.c.h; path = stdbool.h; sourceTree = "<group>"; };
		B217BF012A43609100CCF15F /* Common.h */ = {isa = PBXFileReference; lastKnownFileType = sourcecode.c.h; path = Common.h; sourceTree = "<group>"; };
/* End PBXFileReference section */

/* Begin PBXFrameworksBuildPhase section */
		B210A4C92A4225DE00EFC271 /* Frameworks */ = {
			isa = PBXFrameworksBuildPhase;
			buildActionMask = 2147483647;
			files = (
			);
			runOnlyForDeploymentPostprocessing = 0;
		};
/* End PBXFrameworksBuildPhase section */

/* Begin PBXGroup section */
		B210A4C32A4225DE00EFC271 = {
			isa = PBXGroup;
			children = (
				B210A4CE2A4225DE00EFC271 /* MM3DM2 */,
				B210A4CD2A4225DE00EFC271 /* Products */,
			);
			sourceTree = "<group>";
		};
		B210A4CD2A4225DE00EFC271 /* Products */ = {
			isa = PBXGroup;
			children = (
				B210A4CC2A4225DE00EFC271 /* MM3DM2.app */,
			);
			name = Products;
			sourceTree = "<group>";
		};
		B210A4CE2A4225DE00EFC271 /* MM3DM2 */ = {
			isa = PBXGroup;
			children = (
				B210A4EA2A4228C700EFC271 /* Input */,
				B210A4F02A422A1F00EFC271 /* Game */,
				B210A4E32A42289A00EFC271 /* Utility */,
				B210A4E12A42284A00EFC271 /* Shaders */,
				B210A4CF2A4225DE00EFC271 /* MM3DM2App.swift */,
				B210A4D12A4225DE00EFC271 /* ContentView.swift */,
				B210A4DD2A42272400EFC271 /* MetalView.swift */,
				B210A4DE2A42272500EFC271 /* Options.swift */,
				B210A4D32A4225DF00EFC271 /* Assets.xcassets */,
				B210A4D52A4225DF00EFC271 /* Preview Content */,
			);
			path = MM3DM2;
			sourceTree = "<group>";
		};
		B210A4D52A4225DF00EFC271 /* Preview Content */ = {
			isa = PBXGroup;
			children = (
				B210A4D62A4225DF00EFC271 /* Preview Assets.xcassets */,
			);
			path = "Preview Content";
			sourceTree = "<group>";
		};
		B210A4E12A42284A00EFC271 /* Shaders */ = {
			isa = PBXGroup;
			children = (
				B217BEFF2A43602F00CCF15F /* stdbool.h */,
				B217BF012A43609100CCF15F /* Common.h */,
			);
			path = Shaders;
			sourceTree = "<group>";
		};
		B210A4E32A42289A00EFC271 /* Utility */ = {
			isa = PBXGroup;
			children = (
				B210A4E42A42289A00EFC271 /* DebugLights.swift */,
				B210A4E52A42289A00EFC271 /* DebugLights.metal */,
				B210A4E62A42289A00EFC271 /* MathLibrary.swift */,
			);
			path = Utility;
			sourceTree = "<group>";
		};
		B210A4EA2A4228C700EFC271 /* Input */ = {
			isa = PBXGroup;
			children = (
				B210A4EB2A4228C700EFC271 /* Movement.swift */,
				B210A4EC2A4228C700EFC271 /* inputController.swift */,
			);
			path = Input;
			sourceTree = "<group>";
		};
		B210A4F02A422A1F00EFC271 /* Game */ = {
			isa = PBXGroup;
			children = (
				B210A4F12A422A1F00EFC271 /* GameController.swift */,
				B210A4F22A422A1F00EFC271 /* GameScene.swift */,
				B210A4F32A422A1F00EFC271 /* Camera.swift */,
				B210A4F42A422A1F00EFC271 /* SceneLighting.swift */,
			);
			path = Game;
			sourceTree = "<group>";
		};
/* End PBXGroup section */

/* Begin PBXNativeTarget section */
		B210A4CB2A4225DE00EFC271 /* MM3DM2 */ = {
			isa = PBXNativeTarget;
			buildConfigurationList = B210A4DA2A4225DF00EFC271 /* Build configuration list for PBXNativeTarget "MM3DM2" */;
			buildPhases = (
				B210A4C82A4225DE00EFC271 /* Sources */,
				B210A4C92A4225DE00EFC271 /* Frameworks */,
				B210A4CA2A4225DE00EFC271 /* Resources */,
			);
			buildRules = (
			);
			dependencies = (
			);
			name = MM3DM2;
			productName = MM3DM2;
			productReference = B210A4CC2A4225DE00EFC271 /* MM3DM2.app */;
			productType = "com.apple.product-type.application";
		};
/* End PBXNativeTarget section */

/* Begin PBXProject section */
		B210A4C42A4225DE00EFC271 /* Project object */ = {
			isa = PBXProject;
			attributes = {
				BuildIndependentTargetsInParallel = 1;
				LastSwiftUpdateCheck = 1500;
				LastUpgradeCheck = 1500;
				TargetAttributes = {
					B210A4CB2A4225DE00EFC271 = {
						CreatedOnToolsVersion = 15.0;
					};
				};
			};
			buildConfigurationList = B210A4C72A4225DE00EFC271 /* Build configuration list for PBXProject "MM3DM2" */;
			compatibilityVersion = "Xcode 14.0";
			developmentRegion = en;
			hasScannedForEncodings = 0;
			knownRegions = (
				en,
				Base,
			);
			mainGroup = B210A4C32A4225DE00EFC271;
			productRefGroup = B210A4CD2A4225DE00EFC271 /* Products */;
			projectDirPath = "";
			projectRoot = "";
			targets = (
				B210A4CB2A4225DE00EFC271 /* MM3DM2 */,
			);
		};
/* End PBXProject section */

/* Begin PBXResourcesBuildPhase section */
		B210A4CA2A4225DE00EFC271 /* Resources */ = {
			isa = PBXResourcesBuildPhase;
			buildActionMask = 2147483647;
			files = (
				B210A4D72A4225DF00EFC271 /* Preview Assets.xcassets in Resources */,
				B210A4D42A4225DF00EFC271 /* Assets.xcassets in Resources */,
			);
			runOnlyForDeploymentPostprocessing = 0;
		};
/* End PBXResourcesBuildPhase section */

/* Begin PBXSourcesBuildPhase section */
		B210A4C82A4225DE00EFC271 /* Sources */ = {
			isa = PBXSourcesBuildPhase;
			buildActionMask = 2147483647;
			files = (
				B210A4E02A42272500EFC271 /* Options.swift in Sources */,
				B210A4F52A422A1F00EFC271 /* GameController.swift in Sources */,
				B210A4E92A42289B00EFC271 /* MathLibrary.swift in Sources */,
				B210A4DF2A42272500EFC271 /* MetalView.swift in Sources */,
				B210A4D22A4225DE00EFC271 /* ContentView.swift in Sources */,
				B210A4F62A422A1F00EFC271 /* GameScene.swift in Sources */,
				B210A4ED2A4228C700EFC271 /* Movement.swift in Sources */,
				B210A4D02A4225DE00EFC271 /* MM3DM2App.swift in Sources */,
				B210A4F82A422A1F00EFC271 /* SceneLighting.swift in Sources */,
				B210A4F72A422A1F00EFC271 /* Camera.swift in Sources */,
				B210A4EE2A4228C700EFC271 /* inputController.swift in Sources */,
				B210A4E82A42289B00EFC271 /* DebugLights.metal in Sources */,
				B210A4E72A42289B00EFC271 /* DebugLights.swift in Sources */,
			);
			runOnlyForDeploymentPostprocessing = 0;
		};
/* End PBXSourcesBuildPhase section */

/* Begin XCBuildConfiguration section */
		B210A4D82A4225DF00EFC271 /* Debug */ = {
			isa = XCBuildConfiguration;
			buildSettings = {
				ALWAYS_SEARCH_USER_PATHS = NO;
				ASSETCATALOG_COMPILER_GENERATE_SWIFT_ASSET_SYMBOL_EXTENSIONS = YES;
				CLANG_ANALYZER_NONNULL = YES;
				CLANG_ANALYZER_NUMBER_OBJECT_CONVERSION = YES_AGGRESSIVE;
				CLANG_CXX_LANGUAGE_STANDARD = "gnu++20";
				CLANG_ENABLE_MODULES = YES;
				CLANG_ENABLE_OBJC_ARC = YES;
				CLANG_ENABLE_OBJC_WEAK = YES;
				CLANG_WARN_BLOCK_CAPTURE_AUTORELEASING = YES;
				CLANG_WARN_BOOL_CONVERSION = YES;
				CLANG_WARN_COMMA = YES;
				CLANG_WARN_CONSTANT_CONVERSION = YES;
				CLANG_WARN_DEPRECATED_OBJC_IMPLEMENTATIONS = YES;
				CLANG_WARN_DIRECT_OBJC_ISA_USAGE = YES_ERROR;
				CLANG_WARN_DOCUMENTATION_COMMENTS = YES;
				CLANG_WARN_EMPTY_BODY = YES;
				CLANG_WARN_ENUM_CONVERSION = YES;
				CLANG_WARN_INFINITE_RECURSION = YES;
				CLANG_WARN_INT_CONVERSION = YES;
				CLANG_WARN_NON_LITERAL_NULL_CONVERSION = YES;
				CLANG_WARN_OBJC_IMPLICIT_RETAIN_SELF = YES;
				CLANG_WARN_OBJC_LITERAL_CONVERSION = YES;
				CLANG_WARN_OBJC_ROOT_CLASS = YES_ERROR;
				CLANG_WARN_QUOTED_INCLUDE_IN_FRAMEWORK_HEADER = YES;
				CLANG_WARN_RANGE_LOOP_ANALYSIS = YES;
				CLANG_WARN_STRICT_PROTOTYPES = YES;
				CLANG_WARN_SUSPICIOUS_MOVE = YES;
				CLANG_WARN_UNGUARDED_AVAILABILITY = YES_AGGRESSIVE;
				CLANG_WARN_UNREACHABLE_CODE = YES;
				CLANG_WARN__DUPLICATE_METHOD_MATCH = YES;
				COPY_PHASE_STRIP = NO;
				DEBUG_INFORMATION_FORMAT = dwarf;
				ENABLE_STRICT_OBJC_MSGSEND = YES;
				ENABLE_TESTABILITY = YES;
				ENABLE_USER_SCRIPT_SANDBOXING = YES;
				GCC_C_LANGUAGE_STANDARD = gnu17;
				GCC_DYNAMIC_NO_PIC = NO;
				GCC_NO_COMMON_BLOCKS = YES;
				GCC_OPTIMIZATION_LEVEL = 0;
				GCC_PREPROCESSOR_DEFINITIONS = (
					"DEBUG=1",
					"$(inherited)",
				);
				GCC_WARN_64_TO_32_BIT_CONVERSION = YES;
				GCC_WARN_ABOUT_RETURN_TYPE = YES_ERROR;
				GCC_WARN_UNDECLARED_SELECTOR = YES;
				GCC_WARN_UNINITIALIZED_AUTOS = YES_AGGRESSIVE;
				GCC_WARN_UNUSED_FUNCTION = YES;
				GCC_WARN_UNUSED_VARIABLE = YES;
				IPHONEOS_DEPLOYMENT_TARGET = 16.5;
				LOCALIZATION_PREFERS_STRING_CATALOGS = YES;
				MTL_ENABLE_DEBUG_INFO = INCLUDE_SOURCE;
				MTL_FAST_MATH = YES;
				ONLY_ACTIVE_ARCH = YES;
				SDKROOT = iphoneos;
				SWIFT_ACTIVE_COMPILATION_CONDITIONS = "DEBUG $(inherited)";
				SWIFT_OBJC_BRIDGING_HEADER = Shaders/Common.h;
				SWIFT_OPTIMIZATION_LEVEL = "-Onone";
			};
			name = Debug;
		};
		B210A4D92A4225DF00EFC271 /* Release */ = {
			isa = XCBuildConfiguration;
			buildSettings = {
				ALWAYS_SEARCH_USER_PATHS = NO;
				ASSETCATALOG_COMPILER_GENERATE_SWIFT_ASSET_SYMBOL_EXTENSIONS = YES;
				CLANG_ANALYZER_NONNULL = YES;
				CLANG_ANALYZER_NUMBER_OBJECT_CONVERSION = YES_AGGRESSIVE;
				CLANG_CXX_LANGUAGE_STANDARD = "gnu++20";
				CLANG_ENABLE_MODULES = YES;
				CLANG_ENABLE_OBJC_ARC = YES;
				CLANG_ENABLE_OBJC_WEAK = YES;
				CLANG_WARN_BLOCK_CAPTURE_AUTORELEASING = YES;
				CLANG_WARN_BOOL_CONVERSION = YES;
				CLANG_WARN_COMMA = YES;
				CLANG_WARN_CONSTANT_CONVERSION = YES;
				CLANG_WARN_DEPRECATED_OBJC_IMPLEMENTATIONS = YES;
				CLANG_WARN_DIRECT_OBJC_ISA_USAGE = YES_ERROR;
				CLANG_WARN_DOCUMENTATION_COMMENTS = YES;
				CLANG_WARN_EMPTY_BODY = YES;
				CLANG_WARN_ENUM_CONVERSION = YES;
				CLANG_WARN_INFINITE_RECURSION = YES;
				CLANG_WARN_INT_CONVERSION = YES;
				CLANG_WARN_NON_LITERAL_NULL_CONVERSION = YES;
				CLANG_WARN_OBJC_IMPLICIT_RETAIN_SELF = YES;
				CLANG_WARN_OBJC_LITERAL_CONVERSION = YES;
				CLANG_WARN_OBJC_ROOT_CLASS = YES_ERROR;
				CLANG_WARN_QUOTED_INCLUDE_IN_FRAMEWORK_HEADER = YES;
				CLANG_WARN_RANGE_LOOP_ANALYSIS = YES;
				CLANG_WARN_STRICT_PROTOTYPES = YES;
				CLANG_WARN_SUSPICIOUS_MOVE = YES;
				CLANG_WARN_UNGUARDED_AVAILABILITY = YES_AGGRESSIVE;
				CLANG_WARN_UNREACHABLE_CODE = YES;
				CLANG_WARN__DUPLICATE_METHOD_MATCH = YES;
				COPY_PHASE_STRIP = NO;
				DEBUG_INFORMATION_FORMAT = "dwarf-with-dsym";
				ENABLE_NS_ASSERTIONS = NO;
				ENABLE_STRICT_OBJC_MSGSEND = YES;
				ENABLE_USER_SCRIPT_SANDBOXING = YES;
				GCC_C_LANGUAGE_STANDARD = gnu17;
				GCC_NO_COMMON_BLOCKS = YES;
				GCC_WARN_64_TO_32_BIT_CONVERSION = YES;
				GCC_WARN_ABOUT_RETURN_TYPE = YES_ERROR;
				GCC_WARN_UNDECLARED_SELECTOR = YES;
				GCC_WARN_UNINITIALIZED_AUTOS = YES_AGGRESSIVE;
				GCC_WARN_UNUSED_FUNCTION = YES;
				GCC_WARN_UNUSED_VARIABLE = YES;
				IPHONEOS_DEPLOYMENT_TARGET = 16.5;
				LOCALIZATION_PREFERS_STRING_CATALOGS = YES;
				MTL_ENABLE_DEBUG_INFO = NO;
				MTL_FAST_MATH = YES;
				SDKROOT = iphoneos;
				SWIFT_COMPILATION_MODE = wholemodule;
				SWIFT_OBJC_BRIDGING_HEADER = Shaders/Common.h;
				VALIDATE_PRODUCT = YES;
			};
			name = Release;
		};
		B210A4DB2A4225DF00EFC271 /* Debug */ = {
			isa = XCBuildConfiguration;
			buildSettings = {
				ASSETCATALOG_COMPILER_APPICON_NAME = AppIcon;
				ASSETCATALOG_COMPILER_GLOBAL_ACCENT_COLOR_NAME = AccentColor;
				CODE_SIGN_STYLE = Automatic;
				CURRENT_PROJECT_VERSION = 1;
				DEVELOPMENT_ASSET_PATHS = "\"MM3DM2/Preview Content\"";
				DEVELOPMENT_TEAM = 74MFHC6MWM;
				ENABLE_PREVIEWS = YES;
				GENERATE_INFOPLIST_FILE = YES;
				INFOPLIST_KEY_UIApplicationSceneManifest_Generation = YES;
				INFOPLIST_KEY_UIApplicationSupportsIndirectInputEvents = YES;
				INFOPLIST_KEY_UILaunchScreen_Generation = YES;
				INFOPLIST_KEY_UISupportedInterfaceOrientations_iPad = "UIInterfaceOrientationPortrait UIInterfaceOrientationPortraitUpsideDown UIInterfaceOrientationLandscapeLeft UIInterfaceOrientationLandscapeRight";
				INFOPLIST_KEY_UISupportedInterfaceOrientations_iPhone = "UIInterfaceOrientationPortrait UIInterfaceOrientationLandscapeLeft UIInterfaceOrientationLandscapeRight";
				IPHONEOS_DEPLOYMENT_TARGET = 16.5;
				LD_RUNPATH_SEARCH_PATHS = (
					"$(inherited)",
					"@executable_path/Frameworks",
				);
				MARKETING_VERSION = 1.0;
				PRODUCT_BUNDLE_IDENTIFIER = com.lanterntech.MM3DM2;
				PRODUCT_NAME = "$(TARGET_NAME)";
				SWIFT_EMIT_LOC_STRINGS = YES;
				SWIFT_OBJC_BRIDGING_HEADER = "";
				SWIFT_VERSION = 5.0;
				TARGETED_DEVICE_FAMILY = "1,2";
			};
			name = Debug;
		};
		B210A4DC2A4225DF00EFC271 /* Release */ = {
			isa = XCBuildConfiguration;
			buildSettings = {
				ASSETCATALOG_COMPILER_APPICON_NAME = AppIcon;
				ASSETCATALOG_COMPILER_GLOBAL_ACCENT_COLOR_NAME = AccentColor;
				CODE_SIGN_STYLE = Automatic;
				CURRENT_PROJECT_VERSION = 1;
				DEVELOPMENT_ASSET_PATHS = "\"MM3DM2/Preview Content\"";
				DEVELOPMENT_TEAM = 74MFHC6MWM;
				ENABLE_PREVIEWS = YES;
				GENERATE_INFOPLIST_FILE = YES;
				INFOPLIST_KEY_UIApplicationSceneManifest_Generation = YES;
				INFOPLIST_KEY_UIApplicationSupportsIndirectInputEvents = YES;
				INFOPLIST_KEY_UILaunchScreen_Generation = YES;
				INFOPLIST_KEY_UISupportedInterfaceOrientations_iPad = "UIInterfaceOrientationPortrait UIInterfaceOrientationPortraitUpsideDown UIInterfaceOrientationLandscapeLeft UIInterfaceOrientationLandscapeRight";
				INFOPLIST_KEY_UISupportedInterfaceOrientations_iPhone = "UIInterfaceOrientationPortrait UIInterfaceOrientationLandscapeLeft UIInterfaceOrientationLandscapeRight";
				IPHONEOS_DEPLOYMENT_TARGET = 16.5;
				LD_RUNPATH_SEARCH_PATHS = (
					"$(inherited)",
					"@executable_path/Frameworks",
				);
				MARKETING_VERSION = 1.0;
				PRODUCT_BUNDLE_IDENTIFIER = com.lanterntech.MM3DM2;
				PRODUCT_NAME = "$(TARGET_NAME)";
				SWIFT_EMIT_LOC_STRINGS = YES;
				SWIFT_OBJC_BRIDGING_HEADER = "";
				SWIFT_VERSION = 5.0;
				TARGETED_DEVICE_FAMILY = "1,2";
			};
			name = Release;
		};
/* End XCBuildConfiguration section */

/* Begin XCConfigurationList section */
		B210A4C72A4225DE00EFC271 /* Build configuration list for PBXProject "MM3DM2" */ = {
			isa = XCConfigurationList;
			buildConfigurations = (
				B210A4D82A4225DF00EFC271 /* Debug */,
				B210A4D92A4225DF00EFC271 /* Release */,
			);
			defaultConfigurationIsVisible = 0;
			defaultConfigurationName = Release;
		};
		B210A4DA2A4225DF00EFC271 /* Build configuration list for PBXNativeTarget "MM3DM2" */ = {
			isa = XCConfigurationList;
			buildConfigurations = (
				B210A4DB2A4225DF00EFC271 /* Debug */,
				B210A4DC2A4225DF00EFC271 /* Release */,
			);
			defaultConfigurationIsVisible = 0;
			defaultConfigurationName = Release;
		};
/* End XCConfigurationList section */
	};
	rootObject = B210A4C42A4225DE00EFC271 /* Project object */;
}
